// !$*UTF8*$!
{
	archiveVersion = 1;
	classes = {
	};
	objectVersion = 55;
	objects = {

/* Begin PBXBuildFile section */
		87442B6D28E3734D003ED036 /* KeychainHelper.swift in Sources */ = {isa = PBXBuildFile; fileRef = 87442B6C28E3734D003ED036 /* KeychainHelper.swift */; };
		87442B6F28E37406003ED036 /* AuthData.swift in Sources */ = {isa = PBXBuildFile; fileRef = 87442B6E28E37406003ED036 /* AuthData.swift */; };
		87442B7128E376CC003ED036 /* String.swift in Sources */ = {isa = PBXBuildFile; fileRef = 87442B7028E376CC003ED036 /* String.swift */; };
		87442B7428E37D29003ED036 /* AuthViewController.xib in Resources */ = {isa = PBXBuildFile; fileRef = 87442B7328E37D29003ED036 /* AuthViewController.xib */; };
		87442B7B28E37DD3003ED036 /* UserInfoViewController.swift in Sources */ = {isa = PBXBuildFile; fileRef = 87442B7928E37DD3003ED036 /* UserInfoViewController.swift */; };
		87442B7C28E37DD4003ED036 /* UserInfoViewController.xib in Resources */ = {isa = PBXBuildFile; fileRef = 87442B7A28E37DD3003ED036 /* UserInfoViewController.xib */; };
		87442B7E28E37F6B003ED036 /* LoaderViewController.swift in Sources */ = {isa = PBXBuildFile; fileRef = 87442B7D28E37F6B003ED036 /* LoaderViewController.swift */; };
		87442B8028E38791003ED036 /* UIViewController.swift in Sources */ = {isa = PBXBuildFile; fileRef = 87442B7F28E38791003ED036 /* UIViewController.swift */; };
		87442B8228E392B1003ED036 /* UIAlertController.swift in Sources */ = {isa = PBXBuildFile; fileRef = 87442B8128E392B1003ED036 /* UIAlertController.swift */; };
		87C0D6CB28DC9E4C00BB3D05 /* AppDelegate.swift in Sources */ = {isa = PBXBuildFile; fileRef = 87C0D6CA28DC9E4C00BB3D05 /* AppDelegate.swift */; };
		87C0D6CD28DC9E4C00BB3D05 /* SceneDelegate.swift in Sources */ = {isa = PBXBuildFile; fileRef = 87C0D6CC28DC9E4C00BB3D05 /* SceneDelegate.swift */; };
		87C0D6CF28DC9E4C00BB3D05 /* AuthViewController.swift in Sources */ = {isa = PBXBuildFile; fileRef = 87C0D6CE28DC9E4C00BB3D05 /* AuthViewController.swift */; };
		87C0D6D428DC9E4E00BB3D05 /* Assets.xcassets in Resources */ = {isa = PBXBuildFile; fileRef = 87C0D6D328DC9E4E00BB3D05 /* Assets.xcassets */; };
		87C0D6D728DC9E4E00BB3D05 /* LaunchScreen.storyboard in Resources */ = {isa = PBXBuildFile; fileRef = 87C0D6D528DC9E4E00BB3D05 /* LaunchScreen.storyboard */; };
		87C0D6DF28DEDBCF00BB3D05 /* NetworkManager.swift in Sources */ = {isa = PBXBuildFile; fileRef = 87C0D6DE28DEDBCF00BB3D05 /* NetworkManager.swift */; };
/* End PBXBuildFile section */

/* Begin PBXFileReference section */
		87442B6C28E3734D003ED036 /* KeychainHelper.swift */ = {isa = PBXFileReference; fileEncoding = 4; lastKnownFileType = sourcecode.swift; path = KeychainHelper.swift; sourceTree = "<group>"; };
		87442B6E28E37406003ED036 /* AuthData.swift */ = {isa = PBXFileReference; lastKnownFileType = sourcecode.swift; path = AuthData.swift; sourceTree = "<group>"; };
		87442B7028E376CC003ED036 /* String.swift */ = {isa = PBXFileReference; lastKnownFileType = sourcecode.swift; path = String.swift; sourceTree = "<group>"; };
		87442B7328E37D29003ED036 /* AuthViewController.xib */ = {isa = PBXFileReference; lastKnownFileType = file.xib; path = AuthViewController.xib; sourceTree = "<group>"; };
		87442B7928E37DD3003ED036 /* UserInfoViewController.swift */ = {isa = PBXFileReference; lastKnownFileType = sourcecode.swift; path = UserInfoViewController.swift; sourceTree = "<group>"; };
		87442B7A28E37DD3003ED036 /* UserInfoViewController.xib */ = {isa = PBXFileReference; lastKnownFileType = file.xib; path = UserInfoViewController.xib; sourceTree = "<group>"; };
		87442B7D28E37F6B003ED036 /* LoaderViewController.swift */ = {isa = PBXFileReference; lastKnownFileType = sourcecode.swift; path = LoaderViewController.swift; sourceTree = "<group>"; };
		87442B7F28E38791003ED036 /* UIViewController.swift */ = {isa = PBXFileReference; lastKnownFileType = sourcecode.swift; path = UIViewController.swift; sourceTree = "<group>"; };
		87442B8128E392B1003ED036 /* UIAlertController.swift */ = {isa = PBXFileReference; lastKnownFileType = sourcecode.swift; path = UIAlertController.swift; sourceTree = "<group>"; };
		87C0D6C728DC9E4C00BB3D05 /* AuthTest.app */ = {isa = PBXFileReference; explicitFileType = wrapper.application; includeInIndex = 0; path = AuthTest.app; sourceTree = BUILT_PRODUCTS_DIR; };
		87C0D6CA28DC9E4C00BB3D05 /* AppDelegate.swift */ = {isa = PBXFileReference; lastKnownFileType = sourcecode.swift; path = AppDelegate.swift; sourceTree = "<group>"; };
		87C0D6CC28DC9E4C00BB3D05 /* SceneDelegate.swift */ = {isa = PBXFileReference; lastKnownFileType = sourcecode.swift; path = SceneDelegate.swift; sourceTree = "<group>"; };
		87C0D6CE28DC9E4C00BB3D05 /* AuthViewController.swift */ = {isa = PBXFileReference; lastKnownFileType = sourcecode.swift; path = AuthViewController.swift; sourceTree = "<group>"; };
		87C0D6D328DC9E4E00BB3D05 /* Assets.xcassets */ = {isa = PBXFileReference; lastKnownFileType = folder.assetcatalog; path = Assets.xcassets; sourceTree = "<group>"; };
		87C0D6D628DC9E4E00BB3D05 /* Base */ = {isa = PBXFileReference; lastKnownFileType = file.storyboard; name = Base; path = Base.lproj/LaunchScreen.storyboard; sourceTree = "<group>"; };
		87C0D6D828DC9E4E00BB3D05 /* Info.plist */ = {isa = PBXFileReference; lastKnownFileType = text.plist.xml; path = Info.plist; sourceTree = "<group>"; };
		87C0D6DE28DEDBCF00BB3D05 /* NetworkManager.swift */ = {isa = PBXFileReference; lastKnownFileType = sourcecode.swift; path = NetworkManager.swift; sourceTree = "<group>"; };
/* End PBXFileReference section */

/* Begin PBXFrameworksBuildPhase section */
		87C0D6C428DC9E4C00BB3D05 /* Frameworks */ = {
			isa = PBXFrameworksBuildPhase;
			buildActionMask = 2147483647;
			files = (
			);
			runOnlyForDeploymentPostprocessing = 0;
		};
/* End PBXFrameworksBuildPhase section */

/* Begin PBXGroup section */
		87442B7228E376CF003ED036 /* Extensions */ = {
			isa = PBXGroup;
			children = (
				87442B7028E376CC003ED036 /* String.swift */,
				87442B7F28E38791003ED036 /* UIViewController.swift */,
				87442B8128E392B1003ED036 /* UIAlertController.swift */,
			);
			path = Extensions;
			sourceTree = "<group>";
		};
		87442B7528E37D4A003ED036 /* View Controllers */ = {
			isa = PBXGroup;
			children = (
				87442B7628E37D57003ED036 /* AuthViewController */,
				87442B7828E37DB0003ED036 /* UserInfoViewController */,
				87442B7D28E37F6B003ED036 /* LoaderViewController.swift */,
			);
			path = "View Controllers";
			sourceTree = "<group>";
		};
		87442B7628E37D57003ED036 /* AuthViewController */ = {
			isa = PBXGroup;
			children = (
				87C0D6CE28DC9E4C00BB3D05 /* AuthViewController.swift */,
				87442B7328E37D29003ED036 /* AuthViewController.xib */,
			);
			path = AuthViewController;
			sourceTree = "<group>";
		};
		87442B7728E37D66003ED036 /* Managers & Helpers */ = {
			isa = PBXGroup;
			children = (
				87C0D6DE28DEDBCF00BB3D05 /* NetworkManager.swift */,
				87442B6C28E3734D003ED036 /* KeychainHelper.swift */,
			);
			path = "Managers & Helpers";
			sourceTree = "<group>";
		};
		87442B7828E37DB0003ED036 /* UserInfoViewController */ = {
			isa = PBXGroup;
			children = (
				87442B7928E37DD3003ED036 /* UserInfoViewController.swift */,
				87442B7A28E37DD3003ED036 /* UserInfoViewController.xib */,
			);
			path = UserInfoViewController;
			sourceTree = "<group>";
		};
		87C0D6BE28DC9E4C00BB3D05 = {
			isa = PBXGroup;
			children = (
				87C0D6C928DC9E4C00BB3D05 /* AuthTest */,
				87C0D6C828DC9E4C00BB3D05 /* Products */,
			);
			sourceTree = "<group>";
		};
		87C0D6C828DC9E4C00BB3D05 /* Products */ = {
			isa = PBXGroup;
			children = (
				87C0D6C728DC9E4C00BB3D05 /* AuthTest.app */,
			);
			name = Products;
			sourceTree = "<group>";
		};
		87C0D6C928DC9E4C00BB3D05 /* AuthTest */ = {
			isa = PBXGroup;
			children = (
				87C0D6CA28DC9E4C00BB3D05 /* AppDelegate.swift */,
				87C0D6CC28DC9E4C00BB3D05 /* SceneDelegate.swift */,
				87442B7228E376CF003ED036 /* Extensions */,
				87442B7528E37D4A003ED036 /* View Controllers */,
				87442B7728E37D66003ED036 /* Managers & Helpers */,
				87442B6E28E37406003ED036 /* AuthData.swift */,
				87C0D6D328DC9E4E00BB3D05 /* Assets.xcassets */,
				87C0D6D528DC9E4E00BB3D05 /* LaunchScreen.storyboard */,
				87C0D6D828DC9E4E00BB3D05 /* Info.plist */,
			);
			path = AuthTest;
			sourceTree = "<group>";
		};
/* End PBXGroup section */

/* Begin PBXNativeTarget section */
		87C0D6C628DC9E4C00BB3D05 /* AuthTest */ = {
			isa = PBXNativeTarget;
			buildConfigurationList = 87C0D6DB28DC9E4E00BB3D05 /* Build configuration list for PBXNativeTarget "AuthTest" */;
			buildPhases = (
				87C0D6C328DC9E4C00BB3D05 /* Sources */,
				87C0D6C428DC9E4C00BB3D05 /* Frameworks */,
				87C0D6C528DC9E4C00BB3D05 /* Resources */,
			);
			buildRules = (
			);
			dependencies = (
			);
			name = AuthTest;
			productName = AuthTest;
			productReference = 87C0D6C728DC9E4C00BB3D05 /* AuthTest.app */;
			productType = "com.apple.product-type.application";
		};
/* End PBXNativeTarget section */

/* Begin PBXProject section */
		87C0D6BF28DC9E4C00BB3D05 /* Project object */ = {
			isa = PBXProject;
			attributes = {
				BuildIndependentTargetsInParallel = 1;
				LastSwiftUpdateCheck = 1320;
				LastUpgradeCheck = 1320;
				TargetAttributes = {
					87C0D6C628DC9E4C00BB3D05 = {
						CreatedOnToolsVersion = 13.2.1;
					};
				};
			};
			buildConfigurationList = 87C0D6C228DC9E4C00BB3D05 /* Build configuration list for PBXProject "AuthTest" */;
			compatibilityVersion = "Xcode 13.0";
			developmentRegion = en;
			hasScannedForEncodings = 0;
			knownRegions = (
				en,
				Base,
			);
			mainGroup = 87C0D6BE28DC9E4C00BB3D05;
			productRefGroup = 87C0D6C828DC9E4C00BB3D05 /* Products */;
			projectDirPath = "";
			projectRoot = "";
			targets = (
				87C0D6C628DC9E4C00BB3D05 /* AuthTest */,
			);
		};
/* End PBXProject section */

/* Begin PBXResourcesBuildPhase section */
		87C0D6C528DC9E4C00BB3D05 /* Resources */ = {
			isa = PBXResourcesBuildPhase;
			buildActionMask = 2147483647;
			files = (
				87442B7428E37D29003ED036 /* AuthViewController.xib in Resources */,
				87442B7C28E37DD4003ED036 /* UserInfoViewController.xib in Resources */,
				87C0D6D728DC9E4E00BB3D05 /* LaunchScreen.storyboard in Resources */,
				87C0D6D428DC9E4E00BB3D05 /* Assets.xcassets in Resources */,
			);
			runOnlyForDeploymentPostprocessing = 0;
		};
/* End PBXResourcesBuildPhase section */

/* Begin PBXSourcesBuildPhase section */
		87C0D6C328DC9E4C00BB3D05 /* Sources */ = {
			isa = PBXSourcesBuildPhase;
			buildActionMask = 2147483647;
			files = (
				87C0D6CF28DC9E4C00BB3D05 /* AuthViewController.swift in Sources */,
				87442B7B28E37DD3003ED036 /* UserInfoViewController.swift in Sources */,
				87442B6F28E37406003ED036 /* AuthData.swift in Sources */,
				87C0D6DF28DEDBCF00BB3D05 /* NetworkManager.swift in Sources */,
				87442B8228E392B1003ED036 /* UIAlertController.swift in Sources */,
				87442B8028E38791003ED036 /* UIViewController.swift in Sources */,
				87442B7E28E37F6B003ED036 /* LoaderViewController.swift in Sources */,
				87C0D6CB28DC9E4C00BB3D05 /* AppDelegate.swift in Sources */,
				87442B7128E376CC003ED036 /* String.swift in Sources */,
				87442B6D28E3734D003ED036 /* KeychainHelper.swift in Sources */,
				87C0D6CD28DC9E4C00BB3D05 /* SceneDelegate.swift in Sources */,
			);
			runOnlyForDeploymentPostprocessing = 0;
		};
/* End PBXSourcesBuildPhase section */

/* Begin PBXVariantGroup section */
		87C0D6D528DC9E4E00BB3D05 /* LaunchScreen.storyboard */ = {
			isa = PBXVariantGroup;
			children = (
				87C0D6D628DC9E4E00BB3D05 /* Base */,
			);
			name = LaunchScreen.storyboard;
			sourceTree = "<group>";
		};
/* End PBXVariantGroup section */

/* Begin XCBuildConfiguration section */
		87C0D6D928DC9E4E00BB3D05 /* Debug */ = {
			isa = XCBuildConfiguration;
			buildSettings = {
				ALWAYS_SEARCH_USER_PATHS = NO;
				CLANG_ANALYZER_NONNULL = YES;
				CLANG_ANALYZER_NUMBER_OBJECT_CONVERSION = YES_AGGRESSIVE;
				CLANG_CXX_LANGUAGE_STANDARD = "gnu++17";
				CLANG_CXX_LIBRARY = "libc++";
				CLANG_ENABLE_MODULES = YES;
				CLANG_ENABLE_OBJC_ARC = YES;
				CLANG_ENABLE_OBJC_WEAK = YES;
				CLANG_WARN_BLOCK_CAPTURE_AUTORELEASING = YES;
				CLANG_WARN_BOOL_CONVERSION = YES;
				CLANG_WARN_COMMA = YES;
				CLANG_WARN_CONSTANT_CONVERSION = YES;
				CLANG_WARN_DEPRECATED_OBJC_IMPLEMENTATIONS = YES;
				CLANG_WARN_DIRECT_OBJC_ISA_USAGE = YES_ERROR;
				CLANG_WARN_DOCUMENTATION_COMMENTS = YES;
				CLANG_WARN_EMPTY_BODY = YES;
				CLANG_WARN_ENUM_CONVERSION = YES;
				CLANG_WARN_INFINITE_RECURSION = YES;
				CLANG_WARN_INT_CONVERSION = YES;
				CLANG_WARN_NON_LITERAL_NULL_CONVERSION = YES;
				CLANG_WARN_OBJC_IMPLICIT_RETAIN_SELF = YES;
				CLANG_WARN_OBJC_LITERAL_CONVERSION = YES;
				CLANG_WARN_OBJC_ROOT_CLASS = YES_ERROR;
				CLANG_WARN_QUOTED_INCLUDE_IN_FRAMEWORK_HEADER = YES;
				CLANG_WARN_RANGE_LOOP_ANALYSIS = YES;
				CLANG_WARN_STRICT_PROTOTYPES = YES;
				CLANG_WARN_SUSPICIOUS_MOVE = YES;
				CLANG_WARN_UNGUARDED_AVAILABILITY = YES_AGGRESSIVE;
				CLANG_WARN_UNREACHABLE_CODE = YES;
				CLANG_WARN__DUPLICATE_METHOD_MATCH = YES;
				COPY_PHASE_STRIP = NO;
				DEBUG_INFORMATION_FORMAT = dwarf;
				ENABLE_STRICT_OBJC_MSGSEND = YES;
				ENABLE_TESTABILITY = YES;
				GCC_C_LANGUAGE_STANDARD = gnu11;
				GCC_DYNAMIC_NO_PIC = NO;
				GCC_NO_COMMON_BLOCKS = YES;
				GCC_OPTIMIZATION_LEVEL = 0;
				GCC_PREPROCESSOR_DEFINITIONS = (
					"DEBUG=1",
					"$(inherited)",
				);
				GCC_WARN_64_TO_32_BIT_CONVERSION = YES;
				GCC_WARN_ABOUT_RETURN_TYPE = YES_ERROR;
				GCC_WARN_UNDECLARED_SELECTOR = YES;
				GCC_WARN_UNINITIALIZED_AUTOS = YES_AGGRESSIVE;
				GCC_WARN_UNUSED_FUNCTION = YES;
				GCC_WARN_UNUSED_VARIABLE = YES;
				IPHONEOS_DEPLOYMENT_TARGET = 15.2;
				MTL_ENABLE_DEBUG_INFO = INCLUDE_SOURCE;
				MTL_FAST_MATH = YES;
				ONLY_ACTIVE_ARCH = YES;
				SDKROOT = iphoneos;
				SWIFT_ACTIVE_COMPILATION_CONDITIONS = DEBUG;
				SWIFT_OPTIMIZATION_LEVEL = "-Onone";
			};
			name = Debug;
		};
		87C0D6DA28DC9E4E00BB3D05 /* Release */ = {
			isa = XCBuildConfiguration;
			buildSettings = {
				ALWAYS_SEARCH_USER_PATHS = NO;
				CLANG_ANALYZER_NONNULL = YES;
				CLANG_ANALYZER_NUMBER_OBJECT_CONVERSION = YES_AGGRESSIVE;
				CLANG_CXX_LANGUAGE_STANDARD = "gnu++17";
				CLANG_CXX_LIBRARY = "libc++";
				CLANG_ENABLE_MODULES = YES;
				CLANG_ENABLE_OBJC_ARC = YES;
				CLANG_ENABLE_OBJC_WEAK = YES;
				CLANG_WARN_BLOCK_CAPTURE_AUTORELEASING = YES;
				CLANG_WARN_BOOL_CONVERSION = YES;
				CLANG_WARN_COMMA = YES;
				CLANG_WARN_CONSTANT_CONVERSION = YES;
				CLANG_WARN_DEPRECATED_OBJC_IMPLEMENTATIONS = YES;
				CLANG_WARN_DIRECT_OBJC_ISA_USAGE = YES_ERROR;
				CLANG_WARN_DOCUMENTATION_COMMENTS = YES;
				CLANG_WARN_EMPTY_BODY = YES;
				CLANG_WARN_ENUM_CONVERSION = YES;
				CLANG_WARN_INFINITE_RECURSION = YES;
				CLANG_WARN_INT_CONVERSION = YES;
				CLANG_WARN_NON_LITERAL_NULL_CONVERSION = YES;
				CLANG_WARN_OBJC_IMPLICIT_RETAIN_SELF = YES;
				CLANG_WARN_OBJC_LITERAL_CONVERSION = YES;
				CLANG_WARN_OBJC_ROOT_CLASS = YES_ERROR;
				CLANG_WARN_QUOTED_INCLUDE_IN_FRAMEWORK_HEADER = YES;
				CLANG_WARN_RANGE_LOOP_ANALYSIS = YES;
				CLANG_WARN_STRICT_PROTOTYPES = YES;
				CLANG_WARN_SUSPICIOUS_MOVE = YES;
				CLANG_WARN_UNGUARDED_AVAILABILITY = YES_AGGRESSIVE;
				CLANG_WARN_UNREACHABLE_CODE = YES;
				CLANG_WARN__DUPLICATE_METHOD_MATCH = YES;
				COPY_PHASE_STRIP = NO;
				DEBUG_INFORMATION_FORMAT = "dwarf-with-dsym";
				ENABLE_NS_ASSERTIONS = NO;
				ENABLE_STRICT_OBJC_MSGSEND = YES;
				GCC_C_LANGUAGE_STANDARD = gnu11;
				GCC_NO_COMMON_BLOCKS = YES;
				GCC_WARN_64_TO_32_BIT_CONVERSION = YES;
				GCC_WARN_ABOUT_RETURN_TYPE = YES_ERROR;
				GCC_WARN_UNDECLARED_SELECTOR = YES;
				GCC_WARN_UNINITIALIZED_AUTOS = YES_AGGRESSIVE;
				GCC_WARN_UNUSED_FUNCTION = YES;
				GCC_WARN_UNUSED_VARIABLE = YES;
				IPHONEOS_DEPLOYMENT_TARGET = 15.2;
				MTL_ENABLE_DEBUG_INFO = NO;
				MTL_FAST_MATH = YES;
				SDKROOT = iphoneos;
				SWIFT_COMPILATION_MODE = wholemodule;
				SWIFT_OPTIMIZATION_LEVEL = "-O";
				VALIDATE_PRODUCT = YES;
			};
			name = Release;
		};
		87C0D6DC28DC9E4E00BB3D05 /* Debug */ = {
			isa = XCBuildConfiguration;
			buildSettings = {
				ASSETCATALOG_COMPILER_APPICON_NAME = AppIcon;
				ASSETCATALOG_COMPILER_GLOBAL_ACCENT_COLOR_NAME = AccentColor;
				CODE_SIGN_STYLE = Automatic;
				CURRENT_PROJECT_VERSION = 1;
				GENERATE_INFOPLIST_FILE = YES;
				INFOPLIST_FILE = AuthTest/Info.plist;
				INFOPLIST_KEY_UIApplicationSupportsIndirectInputEvents = YES;
				INFOPLIST_KEY_UILaunchStoryboardName = LaunchScreen;
				INFOPLIST_KEY_UISupportedInterfaceOrientations_iPad = "UIInterfaceOrientationPortrait UIInterfaceOrientationPortraitUpsideDown UIInterfaceOrientationLandscapeLeft UIInterfaceOrientationLandscapeRight";
				INFOPLIST_KEY_UISupportedInterfaceOrientations_iPhone = "UIInterfaceOrientationPortrait UIInterfaceOrientationLandscapeLeft UIInterfaceOrientationLandscapeRight";
				IPHONEOS_DEPLOYMENT_TARGET = 13.0;
				LD_RUNPATH_SEARCH_PATHS = (
					"$(inherited)",
					"@executable_path/Frameworks",
				);
				MARKETING_VERSION = 1.0;
				PRODUCT_BUNDLE_IDENTIFIER = com.MikhailZhdanov.AuthTest;
				PRODUCT_NAME = "$(TARGET_NAME)";
				SWIFT_EMIT_LOC_STRINGS = YES;
				SWIFT_VERSION = 5.0;
				TARGETED_DEVICE_FAMILY = "1,2";
			};
			name = Debug;
		};
		87C0D6DD28DC9E4E00BB3D05 /* Release */ = {
			isa = XCBuildConfiguration;
			buildSettings = {
				ASSETCATALOG_COMPILER_APPICON_NAME = AppIcon;
				ASSETCATALOG_COMPILER_GLOBAL_ACCENT_COLOR_NAME = AccentColor;
				CODE_SIGN_STYLE = Automatic;
				CURRENT_PROJECT_VERSION = 1;
				GENERATE_INFOPLIST_FILE = YES;
				INFOPLIST_FILE = AuthTest/Info.plist;
				INFOPLIST_KEY_UIApplicationSupportsIndirectInputEvents = YES;
				INFOPLIST_KEY_UILaunchStoryboardName = LaunchScreen;
				INFOPLIST_KEY_UISupportedInterfaceOrientations_iPad = "UIInterfaceOrientationPortrait UIInterfaceOrientationPortraitUpsideDown UIInterfaceOrientationLandscapeLeft UIInterfaceOrientationLandscapeRight";
				INFOPLIST_KEY_UISupportedInterfaceOrientations_iPhone = "UIInterfaceOrientationPortrait UIInterfaceOrientationLandscapeLeft UIInterfaceOrientationLandscapeRight";
				IPHONEOS_DEPLOYMENT_TARGET = 13.0;
				LD_RUNPATH_SEARCH_PATHS = (
					"$(inherited)",
					"@executable_path/Frameworks",
				);
				MARKETING_VERSION = 1.0;
				PRODUCT_BUNDLE_IDENTIFIER = com.MikhailZhdanov.AuthTest;
				PRODUCT_NAME = "$(TARGET_NAME)";
				SWIFT_EMIT_LOC_STRINGS = YES;
				SWIFT_VERSION = 5.0;
				TARGETED_DEVICE_FAMILY = "1,2";
			};
			name = Release;
		};
/* End XCBuildConfiguration section */

/* Begin XCConfigurationList section */
		87C0D6C228DC9E4C00BB3D05 /* Build configuration list for PBXProject "AuthTest" */ = {
			isa = XCConfigurationList;
			buildConfigurations = (
				87C0D6D928DC9E4E00BB3D05 /* Debug */,
				87C0D6DA28DC9E4E00BB3D05 /* Release */,
			);
			defaultConfigurationIsVisible = 0;
			defaultConfigurationName = Release;
		};
		87C0D6DB28DC9E4E00BB3D05 /* Build configuration list for PBXNativeTarget "AuthTest" */ = {
			isa = XCConfigurationList;
			buildConfigurations = (
				87C0D6DC28DC9E4E00BB3D05 /* Debug */,
				87C0D6DD28DC9E4E00BB3D05 /* Release */,
			);
			defaultConfigurationIsVisible = 0;
			defaultConfigurationName = Release;
		};
/* End XCConfigurationList section */
	};
	rootObject = 87C0D6BF28DC9E4C00BB3D05 /* Project object */;
}
